
Microsoft Visual Studio Solution File, Format Version 12.00
# Visual Studio Version 16
VisualStudioVersion = 16.0.30804.86
MinimumVisualStudioVersion = 10.0.40219.1
Project("{9A19103F-16F7-4668-BE54-9A1E7A4F7556}") = "DatingProjekt", "DatingProjekt\DatingProjekt.csproj", "{96EB776B-BF41-4066-B2D7-D2D720E8C680}"
EndProject
Project("{9A19103F-16F7-4668-BE54-9A1E7A4F7556}") = "DataLayer", "DataLayer\DataLayer.csproj", "{FC4870AC-58CE-46ED-B1A8-4113B22FBF24}"
EndProject
Global
	GlobalSection(SolutionConfigurationPlatforms) = preSolution
		Debug|Any CPU = Debug|Any CPU
		Release|Any CPU = Release|Any CPU
	EndGlobalSection
	GlobalSection(ProjectConfigurationPlatforms) = postSolution
		{96EB776B-BF41-4066-B2D7-D2D720E8C680}.Debug|Any CPU.ActiveCfg = Debug|Any CPU
		{96EB776B-BF41-4066-B2D7-D2D720E8C680}.Debug|Any CPU.Build.0 = Debug|Any CPU
		{96EB776B-BF41-4066-B2D7-D2D720E8C680}.Release|Any CPU.ActiveCfg = Release|Any CPU
		{96EB776B-BF41-4066-B2D7-D2D720E8C680}.Release|Any CPU.Build.0 = Release|Any CPU
		{FC4870AC-58CE-46ED-B1A8-4113B22FBF24}.Debug|Any CPU.ActiveCfg = Debug|Any CPU
		{FC4870AC-58CE-46ED-B1A8-4113B22FBF24}.Debug|Any CPU.Build.0 = Debug|Any CPU
		{FC4870AC-58CE-46ED-B1A8-4113B22FBF24}.Release|Any CPU.ActiveCfg = Release|Any CPU
		{FC4870AC-58CE-46ED-B1A8-4113B22FBF24}.Release|Any CPU.Build.0 = Release|Any CPU
	EndGlobalSection
	GlobalSection(SolutionProperties) = preSolution
		HideSolutionNode = FALSE
	EndGlobalSection
	GlobalSection(ExtensibilityGlobals) = postSolution
		SolutionGuid = {09FA48C0-47F1-4905-8BCA-09A3D6EA13D9}
	EndGlobalSection
EndGlobal
